
Microsoft Visual Studio Solution File, Format Version 12.00
# Visual Studio Version 17
VisualStudioVersion = 17.9.34728.123
MinimumVisualStudioVersion = 10.0.40219.1
Project("{2150E333-8FDC-42A3-9474-1A3956D46DE8}") = "src", "src", "{907AC665-3732-4C66-961B-700A035F328E}"
EndProject
Project("{2150E333-8FDC-42A3-9474-1A3956D46DE8}") = "Adapters", "Adapters", "{E05F4FE8-A083-4F08-AC61-626E5BCD724A}"
EndProject
Project("{2150E333-8FDC-42A3-9474-1A3956D46DE8}") = "Core", "Core", "{FA3C98DE-24EF-44ED-A9D7-B8B2D5CAAA2B}"
EndProject
Project("{2150E333-8FDC-42A3-9474-1A3956D46DE8}") = "CrossCutting", "CrossCutting", "{40F03CEC-E7B0-4B36-803A-ADE6DB8BB4F9}"
EndProject
Project("{2150E333-8FDC-42A3-9474-1A3956D46DE8}") = "Test", "Test", "{EDF08643-48AE-4FA2-AA69-ED66E04D37EF}"
EndProject
Project("{2150E333-8FDC-42A3-9474-1A3956D46DE8}") = "API", "API", "{C6B308E9-01F3-4F46-8309-3F198A297519}"
EndProject
Project("{9A19103F-16F7-4668-BE54-9A1E7A4F7556}") = "Controller", "src\Controller\Controller.csproj", "{E2583984-E770-44E5-948E-D4D2024BBF38}"
EndProject
Project("{9A19103F-16F7-4668-BE54-9A1E7A4F7556}") = "Infrastructure", "src\Infrastructure\Infrastructure.csproj", "{0E409F4C-8241-45FA-80C6-957333A8FB86}"
EndProject
Project("{9A19103F-16F7-4668-BE54-9A1E7A4F7556}") = "Api", "src\Api\Api.csproj", "{0BAF42A8-FCC5-484B-864D-3D6C3B9AA0B2}"
EndProject
Project("{9A19103F-16F7-4668-BE54-9A1E7A4F7556}") = "Domain", "src\Domain\Domain.csproj", "{8C876432-A095-4888-8C25-CA1F81F263E9}"
EndProject
Project("{9A19103F-16F7-4668-BE54-9A1E7A4F7556}") = "UseCase", "src\UseCase\UseCase.csproj", "{458E3756-5E54-4F66-AF62-4CB0101A5A10}"
EndProject
Project("{9A19103F-16F7-4668-BE54-9A1E7A4F7556}") = "Helpers", "src\Helpers\Helpers.csproj", "{4DB39592-AB16-45EE-8549-1DD1C355ABEC}"
EndProject
Project("{9A19103F-16F7-4668-BE54-9A1E7A4F7556}") = "UnitTest", "src\UnitTest\UnitTest.csproj", "{710045AA-0729-4C46-A396-7BC9106B3328}"
EndProject
Global
	GlobalSection(SolutionConfigurationPlatforms) = preSolution
		Debug|Any CPU = Debug|Any CPU
		Release|Any CPU = Release|Any CPU
	EndGlobalSection
	GlobalSection(ProjectConfigurationPlatforms) = postSolution
		{E2583984-E770-44E5-948E-D4D2024BBF38}.Debug|Any CPU.ActiveCfg = Debug|Any CPU
		{E2583984-E770-44E5-948E-D4D2024BBF38}.Debug|Any CPU.Build.0 = Debug|Any CPU
		{E2583984-E770-44E5-948E-D4D2024BBF38}.Release|Any CPU.ActiveCfg = Release|Any CPU
		{E2583984-E770-44E5-948E-D4D2024BBF38}.Release|Any CPU.Build.0 = Release|Any CPU
		{0E409F4C-8241-45FA-80C6-957333A8FB86}.Debug|Any CPU.ActiveCfg = Debug|Any CPU
		{0E409F4C-8241-45FA-80C6-957333A8FB86}.Debug|Any CPU.Build.0 = Debug|Any CPU
		{0E409F4C-8241-45FA-80C6-957333A8FB86}.Release|Any CPU.ActiveCfg = Release|Any CPU
		{0E409F4C-8241-45FA-80C6-957333A8FB86}.Release|Any CPU.Build.0 = Release|Any CPU
		{0BAF42A8-FCC5-484B-864D-3D6C3B9AA0B2}.Debug|Any CPU.ActiveCfg = Debug|Any CPU
		{0BAF42A8-FCC5-484B-864D-3D6C3B9AA0B2}.Debug|Any CPU.Build.0 = Debug|Any CPU
		{0BAF42A8-FCC5-484B-864D-3D6C3B9AA0B2}.Release|Any CPU.ActiveCfg = Release|Any CPU
		{0BAF42A8-FCC5-484B-864D-3D6C3B9AA0B2}.Release|Any CPU.Build.0 = Release|Any CPU
		{8C876432-A095-4888-8C25-CA1F81F263E9}.Debug|Any CPU.ActiveCfg = Debug|Any CPU
		{8C876432-A095-4888-8C25-CA1F81F263E9}.Debug|Any CPU.Build.0 = Debug|Any CPU
		{8C876432-A095-4888-8C25-CA1F81F263E9}.Release|Any CPU.ActiveCfg = Release|Any CPU
		{8C876432-A095-4888-8C25-CA1F81F263E9}.Release|Any CPU.Build.0 = Release|Any CPU
		{458E3756-5E54-4F66-AF62-4CB0101A5A10}.Debug|Any CPU.ActiveCfg = Debug|Any CPU
		{458E3756-5E54-4F66-AF62-4CB0101A5A10}.Debug|Any CPU.Build.0 = Debug|Any CPU
		{458E3756-5E54-4F66-AF62-4CB0101A5A10}.Release|Any CPU.ActiveCfg = Release|Any CPU
		{458E3756-5E54-4F66-AF62-4CB0101A5A10}.Release|Any CPU.Build.0 = Release|Any CPU
		{4DB39592-AB16-45EE-8549-1DD1C355ABEC}.Debug|Any CPU.ActiveCfg = Debug|Any CPU
		{4DB39592-AB16-45EE-8549-1DD1C355ABEC}.Debug|Any CPU.Build.0 = Debug|Any CPU
		{4DB39592-AB16-45EE-8549-1DD1C355ABEC}.Release|Any CPU.ActiveCfg = Release|Any CPU
		{4DB39592-AB16-45EE-8549-1DD1C355ABEC}.Release|Any CPU.Build.0 = Release|Any CPU
		{710045AA-0729-4C46-A396-7BC9106B3328}.Debug|Any CPU.ActiveCfg = Debug|Any CPU
		{710045AA-0729-4C46-A396-7BC9106B3328}.Debug|Any CPU.Build.0 = Debug|Any CPU
		{710045AA-0729-4C46-A396-7BC9106B3328}.Release|Any CPU.ActiveCfg = Release|Any CPU
		{710045AA-0729-4C46-A396-7BC9106B3328}.Release|Any CPU.Build.0 = Release|Any CPU
	EndGlobalSection
	GlobalSection(SolutionProperties) = preSolution
		HideSolutionNode = FALSE
	EndGlobalSection
	GlobalSection(NestedProjects) = preSolution
		{E05F4FE8-A083-4F08-AC61-626E5BCD724A} = {907AC665-3732-4C66-961B-700A035F328E}
		{FA3C98DE-24EF-44ED-A9D7-B8B2D5CAAA2B} = {907AC665-3732-4C66-961B-700A035F328E}
		{40F03CEC-E7B0-4B36-803A-ADE6DB8BB4F9} = {907AC665-3732-4C66-961B-700A035F328E}
		{EDF08643-48AE-4FA2-AA69-ED66E04D37EF} = {907AC665-3732-4C66-961B-700A035F328E}
		{C6B308E9-01F3-4F46-8309-3F198A297519} = {907AC665-3732-4C66-961B-700A035F328E}
		{E2583984-E770-44E5-948E-D4D2024BBF38} = {E05F4FE8-A083-4F08-AC61-626E5BCD724A}
		{0E409F4C-8241-45FA-80C6-957333A8FB86} = {E05F4FE8-A083-4F08-AC61-626E5BCD724A}
		{0BAF42A8-FCC5-484B-864D-3D6C3B9AA0B2} = {C6B308E9-01F3-4F46-8309-3F198A297519}
		{8C876432-A095-4888-8C25-CA1F81F263E9} = {FA3C98DE-24EF-44ED-A9D7-B8B2D5CAAA2B}
		{458E3756-5E54-4F66-AF62-4CB0101A5A10} = {FA3C98DE-24EF-44ED-A9D7-B8B2D5CAAA2B}
		{4DB39592-AB16-45EE-8549-1DD1C355ABEC} = {40F03CEC-E7B0-4B36-803A-ADE6DB8BB4F9}
		{710045AA-0729-4C46-A396-7BC9106B3328} = {EDF08643-48AE-4FA2-AA69-ED66E04D37EF}
	EndGlobalSection
	GlobalSection(ExtensibilityGlobals) = postSolution
		SolutionGuid = {F8789720-0C09-4A32-A033-39F324BF1DA6}
	EndGlobalSection
EndGlobal
