
Microsoft Visual Studio Solution File, Format Version 12.00
# Visual Studio Version 17
VisualStudioVersion = 17.9.34728.123
MinimumVisualStudioVersion = 10.0.40219.1
Project("{2150E333-8FDC-42A3-9474-1A3956D46DE8}") = "src", "src", "{907AC665-3732-4C66-961B-700A035F328E}"
EndProject
Project("{2150E333-8FDC-42A3-9474-1A3956D46DE8}") = "Adapters", "Adapters", "{E05F4FE8-A083-4F08-AC61-626E5BCD724A}"
EndProject
Project("{2150E333-8FDC-42A3-9474-1A3956D46DE8}") = "Core", "Core", "{FA3C98DE-24EF-44ED-A9D7-B8B2D5CAAA2B}"
EndProject
Project("{2150E333-8FDC-42A3-9474-1A3956D46DE8}") = "CrossCutting", "CrossCutting", "{40F03CEC-E7B0-4B36-803A-ADE6DB8BB4F9}"
EndProject
Project("{2150E333-8FDC-42A3-9474-1A3956D46DE8}") = "Test", "Test", "{EDF08643-48AE-4FA2-AA69-ED66E04D37EF}"
EndProject
Project("{9A19103F-16F7-4668-BE54-9A1E7A4F7556}") = "Controller", "Controller\Controller.csproj", "{235EBE0B-D0B4-4F9B-AF23-F6C8A4E0F219}"
EndProject
Project("{9A19103F-16F7-4668-BE54-9A1E7A4F7556}") = "Domain", "Domain\Domain.csproj", "{A462429C-C78F-412A-BDCE-0B5FBEAC40F1}"
EndProject
Project("{9A19103F-16F7-4668-BE54-9A1E7A4F7556}") = "UseCase", "UseCase\UseCase.csproj", "{4D7A5EF2-3337-4342-B82A-209402EFDB68}"
EndProject
Project("{9A19103F-16F7-4668-BE54-9A1E7A4F7556}") = "Infrastructure", "Infrastructure\Infrastructure.csproj", "{E85EFB5E-828D-4035-B9CA-4CE050A989CA}"
EndProject
Project("{9A19103F-16F7-4668-BE54-9A1E7A4F7556}") = "Helpers", "Helpers\Helpers.csproj", "{A4BBE5F6-A203-4CC8-978A-F6629745F080}"
EndProject
Project("{2150E333-8FDC-42A3-9474-1A3956D46DE8}") = "API", "API", "{C6B308E9-01F3-4F46-8309-3F198A297519}"
EndProject
Project("{9A19103F-16F7-4668-BE54-9A1E7A4F7556}") = "Api", "Api\Api.csproj", "{F7171FB6-A9A4-447C-BC55-9FE961B1EBE5}"
EndProject
Project("{FAE04EC0-301F-11D3-BF4B-00C04F79EFBC}") = "UnitTest", "UnitTest\UnitTest.csproj", "{B44D2CC2-5033-4909-86A6-7684A9CC74C5}"
EndProject
Global
	GlobalSection(SolutionConfigurationPlatforms) = preSolution
		Debug|Any CPU = Debug|Any CPU
		Release|Any CPU = Release|Any CPU
	EndGlobalSection
	GlobalSection(ProjectConfigurationPlatforms) = postSolution
		{235EBE0B-D0B4-4F9B-AF23-F6C8A4E0F219}.Debug|Any CPU.ActiveCfg = Debug|Any CPU
		{235EBE0B-D0B4-4F9B-AF23-F6C8A4E0F219}.Debug|Any CPU.Build.0 = Debug|Any CPU
		{235EBE0B-D0B4-4F9B-AF23-F6C8A4E0F219}.Release|Any CPU.ActiveCfg = Release|Any CPU
		{235EBE0B-D0B4-4F9B-AF23-F6C8A4E0F219}.Release|Any CPU.Build.0 = Release|Any CPU
		{A462429C-C78F-412A-BDCE-0B5FBEAC40F1}.Debug|Any CPU.ActiveCfg = Debug|Any CPU
		{A462429C-C78F-412A-BDCE-0B5FBEAC40F1}.Debug|Any CPU.Build.0 = Debug|Any CPU
		{A462429C-C78F-412A-BDCE-0B5FBEAC40F1}.Release|Any CPU.ActiveCfg = Release|Any CPU
		{A462429C-C78F-412A-BDCE-0B5FBEAC40F1}.Release|Any CPU.Build.0 = Release|Any CPU
		{4D7A5EF2-3337-4342-B82A-209402EFDB68}.Debug|Any CPU.ActiveCfg = Debug|Any CPU
		{4D7A5EF2-3337-4342-B82A-209402EFDB68}.Debug|Any CPU.Build.0 = Debug|Any CPU
		{4D7A5EF2-3337-4342-B82A-209402EFDB68}.Release|Any CPU.ActiveCfg = Release|Any CPU
		{4D7A5EF2-3337-4342-B82A-209402EFDB68}.Release|Any CPU.Build.0 = Release|Any CPU
		{E85EFB5E-828D-4035-B9CA-4CE050A989CA}.Debug|Any CPU.ActiveCfg = Debug|Any CPU
		{E85EFB5E-828D-4035-B9CA-4CE050A989CA}.Debug|Any CPU.Build.0 = Debug|Any CPU
		{E85EFB5E-828D-4035-B9CA-4CE050A989CA}.Release|Any CPU.ActiveCfg = Release|Any CPU
		{E85EFB5E-828D-4035-B9CA-4CE050A989CA}.Release|Any CPU.Build.0 = Release|Any CPU
		{A4BBE5F6-A203-4CC8-978A-F6629745F080}.Debug|Any CPU.ActiveCfg = Debug|Any CPU
		{A4BBE5F6-A203-4CC8-978A-F6629745F080}.Debug|Any CPU.Build.0 = Debug|Any CPU
		{A4BBE5F6-A203-4CC8-978A-F6629745F080}.Release|Any CPU.ActiveCfg = Release|Any CPU
		{A4BBE5F6-A203-4CC8-978A-F6629745F080}.Release|Any CPU.Build.0 = Release|Any CPU
		{F7171FB6-A9A4-447C-BC55-9FE961B1EBE5}.Debug|Any CPU.ActiveCfg = Debug|Any CPU
		{F7171FB6-A9A4-447C-BC55-9FE961B1EBE5}.Debug|Any CPU.Build.0 = Debug|Any CPU
		{F7171FB6-A9A4-447C-BC55-9FE961B1EBE5}.Release|Any CPU.ActiveCfg = Release|Any CPU
		{F7171FB6-A9A4-447C-BC55-9FE961B1EBE5}.Release|Any CPU.Build.0 = Release|Any CPU
		{B44D2CC2-5033-4909-86A6-7684A9CC74C5}.Debug|Any CPU.ActiveCfg = Debug|Any CPU
		{B44D2CC2-5033-4909-86A6-7684A9CC74C5}.Debug|Any CPU.Build.0 = Debug|Any CPU
		{B44D2CC2-5033-4909-86A6-7684A9CC74C5}.Release|Any CPU.ActiveCfg = Release|Any CPU
		{B44D2CC2-5033-4909-86A6-7684A9CC74C5}.Release|Any CPU.Build.0 = Release|Any CPU
	EndGlobalSection
	GlobalSection(SolutionProperties) = preSolution
		HideSolutionNode = FALSE
	EndGlobalSection
	GlobalSection(NestedProjects) = preSolution
		{E05F4FE8-A083-4F08-AC61-626E5BCD724A} = {907AC665-3732-4C66-961B-700A035F328E}
		{FA3C98DE-24EF-44ED-A9D7-B8B2D5CAAA2B} = {907AC665-3732-4C66-961B-700A035F328E}
		{40F03CEC-E7B0-4B36-803A-ADE6DB8BB4F9} = {907AC665-3732-4C66-961B-700A035F328E}
		{EDF08643-48AE-4FA2-AA69-ED66E04D37EF} = {907AC665-3732-4C66-961B-700A035F328E}
		{235EBE0B-D0B4-4F9B-AF23-F6C8A4E0F219} = {E05F4FE8-A083-4F08-AC61-626E5BCD724A}
		{A462429C-C78F-412A-BDCE-0B5FBEAC40F1} = {FA3C98DE-24EF-44ED-A9D7-B8B2D5CAAA2B}
		{4D7A5EF2-3337-4342-B82A-209402EFDB68} = {FA3C98DE-24EF-44ED-A9D7-B8B2D5CAAA2B}
		{E85EFB5E-828D-4035-B9CA-4CE050A989CA} = {E05F4FE8-A083-4F08-AC61-626E5BCD724A}
		{A4BBE5F6-A203-4CC8-978A-F6629745F080} = {40F03CEC-E7B0-4B36-803A-ADE6DB8BB4F9}
		{C6B308E9-01F3-4F46-8309-3F198A297519} = {907AC665-3732-4C66-961B-700A035F328E}
		{F7171FB6-A9A4-447C-BC55-9FE961B1EBE5} = {C6B308E9-01F3-4F46-8309-3F198A297519}
		{B44D2CC2-5033-4909-86A6-7684A9CC74C5} = {EDF08643-48AE-4FA2-AA69-ED66E04D37EF}
	EndGlobalSection
	GlobalSection(ExtensibilityGlobals) = postSolution
		SolutionGuid = {F8789720-0C09-4A32-A033-39F324BF1DA6}
	EndGlobalSection
EndGlobal
